{
  "version": 4,
  "terraform_version": "1.3.3",
  "serial": 322,
  "lineage": "1b5d18a3-ef90-c81c-5bac-d92e35742532",
  "outputs": {
    "Lambda": {
      "value": "arn:aws:lambda:us-east-1:936519216253:function:Fullstack",
      "type": "string"
    },
    "SSM": {
      "value": "rdshost",
      "type": "string"
    },
    "rds_id": {
      "value": [
        "terraform-20221108091124008600000001.cfjpryfqfxre.us-east-1.rds.amazonaws.com:3306",
        "arn:aws:rds:us-east-1:936519216253:db:terraform-20221108091124008600000001"
      ],
      "type": [
        "tuple",
        [
          "string",
          "string"
        ]
      ]
    },
    "role": {
      "value": [
        "arn:aws:iam::936519216253:role/rolelambda",
        "rolelambda"
      ],
      "type": [
        "tuple",
        [
          "string",
          "string"
        ]
      ]
    },
    "sqs_id": {
      "value": "arn:aws:sqs:us-east-1:936519216253:Testwork",
      "type": "string"
    }
  },
  "resources": [
    {
      "mode": "data",
      "type": "archive_file",
      "name": "zip_the_python_code",
      "provider": "provider[\"registry.terraform.io/hashicorp/archive\"]",
      "instances": [
        {
          "schema_version": 0,
          "attributes": {
            "excludes": null,
            "id": "4bf92e35470007b51aeae8991d0537f848e571f2",
            "output_base64sha256": "dem4nT7CmBhUrYhBf2pmsgh/5Oabs1w+AXa6vDKxwc4=",
            "output_file_mode": null,
            "output_md5": "0e4ba4ecdbcd273668f15a736ee5d6b0",
            "output_path": "./pyfile/python.zip",
            "output_sha": "4bf92e35470007b51aeae8991d0537f848e571f2",
            "output_size": 373795,
            "source": [],
            "source_content": null,
            "source_content_filename": null,
            "source_dir": "./pyfile/",
            "source_file": null,
            "type": "zip"
          },
          "sensitive_attributes": []
        }
      ]
    },
    {
      "mode": "managed",
      "type": "aws_db_instance",
      "name": "mydb_instance",
      "provider": "provider[\"registry.terraform.io/hashicorp/aws\"]",
      "instances": [
        {
          "schema_version": 1,
          "attributes": {
            "address": "terraform-20221108091124008600000001.cfjpryfqfxre.us-east-1.rds.amazonaws.com",
            "allocated_storage": 10,
            "allow_major_version_upgrade": null,
            "apply_immediately": null,
            "arn": "arn:aws:rds:us-east-1:936519216253:db:terraform-20221108091124008600000001",
            "auto_minor_version_upgrade": true,
            "availability_zone": "us-east-1f",
            "backup_retention_period": 0,
            "backup_window": "06:21-06:51",
            "ca_cert_identifier": "rds-ca-2019",
            "character_set_name": "",
            "copy_tags_to_snapshot": false,
            "custom_iam_instance_profile": "",
            "customer_owned_ip_enabled": false,
            "db_name": "mydb_instance",
            "db_subnet_group_name": "default",
            "delete_automated_backups": true,
            "deletion_protection": false,
            "domain": "",
            "domain_iam_role_name": "",
            "enabled_cloudwatch_logs_exports": [],
            "endpoint": "terraform-20221108091124008600000001.cfjpryfqfxre.us-east-1.rds.amazonaws.com:3306",
            "engine": "mysql",
            "engine_version": "5.7",
            "engine_version_actual": "5.7.38",
            "final_snapshot_identifier": null,
            "hosted_zone_id": "Z2R2ITUGPM61AM",
            "iam_database_authentication_enabled": false,
            "id": "terraform-20221108091124008600000001",
            "identifier": "terraform-20221108091124008600000001",
            "identifier_prefix": "terraform-",
            "instance_class": "db.t3.micro",
            "iops": 0,
            "kms_key_id": "",
            "latest_restorable_time": "",
            "license_model": "general-public-license",
            "maintenance_window": "wed:04:21-wed:04:51",
            "max_allocated_storage": 0,
            "monitoring_interval": 0,
            "monitoring_role_arn": "",
            "multi_az": false,
            "name": "mydb_instance",
            "nchar_character_set_name": "",
            "network_type": "IPV4",
            "option_group_name": "default:mysql-5-7",
            "parameter_group_name": "default.mysql5.7",
            "password": "Rootmysql57",
            "performance_insights_enabled": false,
            "performance_insights_kms_key_id": "",
            "performance_insights_retention_period": 0,
            "port": 3306,
            "publicly_accessible": false,
            "replica_mode": "",
            "replicas": [],
            "replicate_source_db": "",
            "resource_id": "db-EYQGBYLRURUAVA6SVHOP47KK4M",
            "restore_to_point_in_time": [],
            "s3_import": [],
            "security_group_names": [],
            "skip_final_snapshot": true,
            "snapshot_identifier": null,
            "status": "available",
            "storage_encrypted": false,
            "storage_type": "gp2",
            "tags": {},
            "tags_all": {},
            "timeouts": null,
            "timezone": "",
            "username": "root",
            "vpc_security_group_ids": [
              "sg-058b62fb1ee0495ed"
            ]
          },
          "sensitive_attributes": [],
          "private": "eyJlMmJmYjczMC1lY2FhLTExZTYtOGY4OC0zNDM2M2JjN2M0YzAiOnsiY3JlYXRlIjoyNDAwMDAwMDAwMDAwLCJkZWxldGUiOjM2MDAwMDAwMDAwMDAsInVwZGF0ZSI6NDgwMDAwMDAwMDAwMH0sInNjaGVtYV92ZXJzaW9uIjoiMSJ9"
        }
      ]
    },
    {
      "mode": "managed",
      "type": "aws_iam_policy",
      "name": "iam_policy_for_SSM",
      "provider": "provider[\"registry.terraform.io/hashicorp/aws\"]",
      "instances": [
        {
          "schema_version": 0,
          "attributes": {
            "arn": "arn:aws:iam::936519216253:policy/SSM_POLICY",
            "description": "",
            "id": "arn:aws:iam::936519216253:policy/SSM_POLICY",
            "name": "SSM_POLICY",
            "name_prefix": null,
            "path": "/",
            "policy": "{\"Statement\":[{\"Action\":[\"ssm:Describe*\",\"ssm:Get*\",\"ssm:List*\"],\"Effect\":\"Allow\",\"Resource\":\"*\"}],\"Version\":\"2012-10-17\"}",
            "policy_id": "ANPA5UDHFFR6X6RZD3GBY",
            "tags": {},
            "tags_all": {}
          },
          "sensitive_attributes": [],
          "private": "bnVsbA=="
        }
      ]
    },
    {
      "mode": "managed",
      "type": "aws_iam_policy",
      "name": "iam_policy_for_lambda",
      "provider": "provider[\"registry.terraform.io/hashicorp/aws\"]",
      "instances": [
        {
          "schema_version": 0,
          "attributes": {
            "arn": "arn:aws:iam::936519216253:policy/lambda_policy",
            "description": "AWS IAM Policy for managing aws lambda role",
            "id": "arn:aws:iam::936519216253:policy/lambda_policy",
            "name": "lambda_policy",
            "name_prefix": null,
            "path": "/",
            "policy": "{\"Statement\":[{\"Action\":[\"logs:CreateLogGroup\",\"logs:CreateLogStream\",\"logs:PutLogEvents\"],\"Effect\":\"Allow\",\"Resource\":\"arn:aws:logs:*:*:*\"}],\"Version\":\"2012-10-17\"}",
            "policy_id": "ANPA5UDHFFR63A2F5WE5K",
            "tags": {},
            "tags_all": {}
          },
          "sensitive_attributes": [],
          "private": "bnVsbA=="
        }
      ]
    },
    {
      "mode": "managed",
      "type": "aws_iam_policy",
      "name": "rdspolicy",
      "provider": "provider[\"registry.terraform.io/hashicorp/aws\"]",
      "instances": [
        {
          "schema_version": 0,
          "attributes": {
            "arn": "arn:aws:iam::936519216253:policy/RDSpolicy",
            "description": "",
            "id": "arn:aws:iam::936519216253:policy/RDSpolicy",
            "name": "RDSpolicy",
            "name_prefix": null,
            "path": "/",
            "policy": "{\"Statement\":[{\"Action\":[\"rds:StartDBCluster\",\"rds:CreateDBSubnetGroup\",\"rds:ModifyDBParameterGroup\",\"rds:AddRoleToDBCluster\",\"rds:DeleteDBInstance\",\"rds:CreateDBSnapshot\",\"rds:DeleteDBSecurityGroup\",\"rds:AddRoleToDBInstance\",\"rds:CreateDBInstance\",\"rds:StartDBInstanceAutomatedBackupsReplication\",\"rds:CreateDBClusterEndpoint\",\"rds:StopDBCluster\",\"rds:CreateDBParameterGroup\",\"rds:StartDBInstance\",\"rds:RevokeDBSecurityGroupIngress\",\"rds:ModifyCurrentDBClusterCapacity\",\"rds:ResetDBClusterParameterGroup\",\"rds:RestoreDBClusterToPointInTime\",\"rds:CreateCustomDBEngineVersion\",\"rds:CopyDBSnapshot\",\"rds:CopyDBClusterSnapshot\",\"rds:StopDBInstance\",\"rds:CreateDBSecurityGroup\",\"rds:CreateDBInstanceReadReplica\"],\"Effect\":\"Allow\",\"Resource\":\"*\",\"Sid\":\"VisualEditor0\"}],\"Version\":\"2012-10-17\"}",
            "policy_id": "ANPA5UDHFFR6ZPYGADVCY",
            "tags": {},
            "tags_all": {}
          },
          "sensitive_attributes": [],
          "private": "bnVsbA=="
        }
      ]
    },
    {
      "mode": "managed",
      "type": "aws_iam_policy",
      "name": "sqspolicy",
      "provider": "provider[\"registry.terraform.io/hashicorp/aws\"]",
      "instances": [
        {
          "schema_version": 0,
          "attributes": {
            "arn": "arn:aws:iam::936519216253:policy/sqspolicy",
            "description": "",
            "id": "arn:aws:iam::936519216253:policy/sqspolicy",
            "name": "sqspolicy",
            "name_prefix": null,
            "path": "/",
            "policy": "{\"Statement\":[{\"Action\":[\"sqs:DeleteMessage\",\"sqs:GetQueueUrl\",\"sqs:ListDeadLetterSourceQueues\",\"sqs:ChangeMessageVisibility\",\"sqs:PurgeQueue\",\"sqs:ReceiveMessage\",\"sqs:DeleteQueue\",\"sqs:SendMessage\",\"sqs:GetQueueAttributes\",\"sqs:ListQueueTags\",\"sqs:CreateQueue\",\"sqs:SetQueueAttributes\"],\"Effect\":\"Allow\",\"Resource\":\"*\",\"Sid\":\"VisualEditor1\"}],\"Version\":\"2012-10-17\"}",
            "policy_id": "ANPA5UDHFFR62PHFXYM5V",
            "tags": {},
            "tags_all": {}
          },
          "sensitive_attributes": [],
          "private": "bnVsbA=="
        }
      ]
    },
    {
      "mode": "managed",
      "type": "aws_iam_role",
      "name": "lambda_role",
      "provider": "provider[\"registry.terraform.io/hashicorp/aws\"]",
      "instances": [
        {
          "schema_version": 0,
          "attributes": {
            "arn": "arn:aws:iam::936519216253:role/rolelambda",
            "assume_role_policy": "{\"Statement\":[{\"Action\":\"sts:AssumeRole\",\"Effect\":\"Allow\",\"Principal\":{\"Service\":\"lambda.amazonaws.com\"},\"Sid\":\"\"}],\"Version\":\"2012-10-17\"}",
            "create_date": "2022-11-08T09:11:24Z",
            "description": "",
            "force_detach_policies": false,
            "id": "rolelambda",
            "inline_policy": [],
            "managed_policy_arns": [
              "arn:aws:iam::936519216253:policy/RDSpolicy",
              "arn:aws:iam::936519216253:policy/SSM_POLICY",
              "arn:aws:iam::936519216253:policy/lambda_policy",
              "arn:aws:iam::936519216253:policy/sqspolicy"
            ],
            "max_session_duration": 3600,
            "name": "rolelambda",
            "name_prefix": "",
            "path": "/",
            "permissions_boundary": null,
            "tags": {},
            "tags_all": {},
            "unique_id": "AROA5UDHFFR6XUEPJT4NI"
          },
          "sensitive_attributes": [],
          "private": "bnVsbA=="
        }
      ]
    },
    {
      "mode": "managed",
      "type": "aws_iam_role_policy_attachment",
      "name": "attach_iam_policy_to_iam_role",
      "provider": "provider[\"registry.terraform.io/hashicorp/aws\"]",
      "instances": [
        {
          "index_key": "arn:aws:iam::936519216253:policy/RDSpolicy",
          "schema_version": 0,
          "attributes": {
            "id": "rolelambda-20221108091950617000000001",
            "policy_arn": "arn:aws:iam::936519216253:policy/RDSpolicy",
            "role": "rolelambda"
          },
          "sensitive_attributes": [],
          "private": "bnVsbA==",
          "dependencies": [
            "aws_iam_policy.iam_policy_for_SSM",
            "aws_iam_policy.iam_policy_for_lambda",
            "aws_iam_policy.rdspolicy",
            "aws_iam_policy.sqspolicy",
            "aws_iam_role.lambda_role"
          ]
        },
        {
          "index_key": "arn:aws:iam::936519216253:policy/SSM_POLICY",
          "schema_version": 0,
          "attributes": {
            "id": "rolelambda-20221108092248202600000001",
            "policy_arn": "arn:aws:iam::936519216253:policy/SSM_POLICY",
            "role": "rolelambda"
          },
          "sensitive_attributes": [],
          "private": "bnVsbA==",
          "dependencies": [
            "aws_iam_policy.iam_policy_for_SSM",
            "aws_iam_policy.iam_policy_for_lambda",
            "aws_iam_policy.rdspolicy",
            "aws_iam_policy.sqspolicy",
            "aws_iam_role.lambda_role"
          ]
        },
        {
          "index_key": "arn:aws:iam::936519216253:policy/lambda_policy",
          "schema_version": 0,
          "attributes": {
            "id": "rolelambda-20221108091950953300000002",
            "policy_arn": "arn:aws:iam::936519216253:policy/lambda_policy",
            "role": "rolelambda"
          },
          "sensitive_attributes": [],
          "private": "bnVsbA==",
          "dependencies": [
            "aws_iam_policy.iam_policy_for_SSM",
            "aws_iam_policy.iam_policy_for_lambda",
            "aws_iam_policy.rdspolicy",
            "aws_iam_policy.sqspolicy",
            "aws_iam_role.lambda_role"
          ]
        },
        {
          "index_key": "arn:aws:iam::936519216253:policy/sqspolicy",
          "schema_version": 0,
          "attributes": {
            "id": "rolelambda-20221108091951248600000003",
            "policy_arn": "arn:aws:iam::936519216253:policy/sqspolicy",
            "role": "rolelambda"
          },
          "sensitive_attributes": [],
          "private": "bnVsbA==",
          "dependencies": [
            "aws_iam_policy.iam_policy_for_SSM",
            "aws_iam_policy.iam_policy_for_lambda",
            "aws_iam_policy.rdspolicy",
            "aws_iam_policy.sqspolicy",
            "aws_iam_role.lambda_role"
          ]
        }
      ]
    },
    {
      "mode": "managed",
      "type": "aws_lambda_event_source_mapping",
      "name": "integrate",
      "provider": "provider[\"registry.terraform.io/hashicorp/aws\"]",
      "instances": [
        {
          "schema_version": 0,
          "attributes": {
            "amazon_managed_kafka_event_source_config": [],
            "batch_size": 10,
            "bisect_batch_on_function_error": false,
            "destination_config": [],
            "enabled": true,
            "event_source_arn": "arn:aws:sqs:us-east-1:936519216253:Testwork",
            "filter_criteria": [],
            "function_arn": "arn:aws:lambda:us-east-1:936519216253:function:Fullstack",
            "function_name": "arn:aws:lambda:us-east-1:936519216253:function:Fullstack",
            "function_response_types": [],
            "id": "fed42e48-0088-4a38-856c-7f4177b98e40",
            "last_modified": "2022-11-08T09:20:01Z",
            "last_processing_result": "",
            "maximum_batching_window_in_seconds": 0,
            "maximum_record_age_in_seconds": 0,
            "maximum_retry_attempts": 0,
            "parallelization_factor": 0,
            "queues": [],
            "self_managed_event_source": [],
            "self_managed_kafka_event_source_config": [],
            "source_access_configuration": [],
            "starting_position": "",
            "starting_position_timestamp": "",
            "state": "Enabled",
            "state_transition_reason": "USER_INITIATED",
            "topics": [],
            "tumbling_window_in_seconds": 0,
            "uuid": "fed42e48-0088-4a38-856c-7f4177b98e40"
          },
          "sensitive_attributes": [],
          "private": "bnVsbA==",
          "dependencies": [
            "aws_iam_policy.iam_policy_for_SSM",
            "aws_iam_policy.iam_policy_for_lambda",
            "aws_iam_policy.rdspolicy",
            "aws_iam_policy.sqspolicy",
            "aws_iam_role.lambda_role",
            "aws_iam_role_policy_attachment.attach_iam_policy_to_iam_role",
            "aws_lambda_function.terraform_lambda_func",
            "aws_sqs_queue.sqs_queue"
          ]
        }
      ]
    },
    {
      "mode": "managed",
      "type": "aws_lambda_function",
      "name": "terraform_lambda_func",
      "provider": "provider[\"registry.terraform.io/hashicorp/aws\"]",
      "instances": [
        {
          "schema_version": 0,
          "attributes": {
            "architectures": [
              "x86_64"
            ],
            "arn": "arn:aws:lambda:us-east-1:936519216253:function:Fullstack",
            "code_signing_config_arn": "",
            "dead_letter_config": [],
            "description": "",
            "environment": [],
            "ephemeral_storage": [
              {
                "size": 512
              }
            ],
            "file_system_config": [],
            "filename": "./pyfile/python.zip",
            "function_name": "Fullstack",
            "handler": "index.main",
            "id": "Fullstack",
            "image_config": [],
            "image_uri": "",
            "invoke_arn": "arn:aws:apigateway:us-east-1:lambda:path/2015-03-31/functions/arn:aws:lambda:us-east-1:936519216253:function:Fullstack/invocations",
            "kms_key_arn": "",
            "last_modified": "2022-11-08T10:14:23.844+0000",
            "layers": null,
            "memory_size": 128,
            "package_type": "Zip",
            "publish": false,
            "qualified_arn": "arn:aws:lambda:us-east-1:936519216253:function:Fullstack:$LATEST",
            "qualified_invoke_arn": "arn:aws:apigateway:us-east-1:lambda:path/2015-03-31/functions/arn:aws:lambda:us-east-1:936519216253:function:Fullstack:$LATEST/invocations",
            "reserved_concurrent_executions": -1,
            "role": "arn:aws:iam::936519216253:role/rolelambda",
            "runtime": "python3.8",
            "s3_bucket": null,
            "s3_key": null,
            "s3_object_version": null,
            "signing_job_arn": "",
            "signing_profile_version_arn": "",
            "source_code_hash": "dem4nT7CmBhUrYhBf2pmsgh/5Oabs1w+AXa6vDKxwc4=",
            "source_code_size": 373795,
            "tags": null,
            "tags_all": {},
            "timeout": 3,
            "timeouts": null,
            "tracing_config": [
              {
                "mode": "PassThrough"
              }
            ],
            "version": "$LATEST",
            "vpc_config": []
          },
          "sensitive_attributes": [],
          "private": "eyJlMmJmYjczMC1lY2FhLTExZTYtOGY4OC0zNDM2M2JjN2M0YzAiOnsiY3JlYXRlIjo2MDAwMDAwMDAwMDB9fQ==",
          "dependencies": [
            "aws_iam_policy.iam_policy_for_SSM",
            "aws_iam_policy.iam_policy_for_lambda",
            "aws_iam_policy.rdspolicy",
            "aws_iam_policy.sqspolicy",
            "aws_iam_role.lambda_role",
            "aws_iam_role_policy_attachment.attach_iam_policy_to_iam_role"
          ]
        }
      ]
    },
    {
      "mode": "managed",
      "type": "aws_security_group",
      "name": "rds",
      "provider": "provider[\"registry.terraform.io/hashicorp/aws\"]",
      "instances": [
        {
          "schema_version": 1,
          "attributes": {
            "arn": "arn:aws:ec2:us-east-1:936519216253:security-group/sg-0407bb2853ad8cd7b",
            "description": "Managed by Terraform",
            "egress": [
              {
                "cidr_blocks": [
                  "0.0.0.0/0"
                ],
                "description": "",
                "from_port": 3306,
                "ipv6_cidr_blocks": [],
                "prefix_list_ids": [],
                "protocol": "tcp",
                "security_groups": [],
                "self": false,
                "to_port": 3306
              }
            ],
            "id": "sg-0407bb2853ad8cd7b",
            "ingress": [
              {
                "cidr_blocks": [
                  "0.0.0.0/0"
                ],
                "description": "",
                "from_port": 3306,
                "ipv6_cidr_blocks": [],
                "prefix_list_ids": [],
                "protocol": "tcp",
                "security_groups": [],
                "self": false,
                "to_port": 3306
              }
            ],
            "name": "rds_security",
            "name_prefix": "",
            "owner_id": "936519216253",
            "revoke_rules_on_delete": false,
            "tags": {
              "Name": "rds_security"
            },
            "tags_all": {
              "Name": "rds_security"
            },
            "timeouts": null,
            "vpc_id": "vpc-0d4e87f8c7b7eedde"
          },
          "sensitive_attributes": [],
          "private": "eyJlMmJmYjczMC1lY2FhLTExZTYtOGY4OC0zNDM2M2JjN2M0YzAiOnsiY3JlYXRlIjo2MDAwMDAwMDAwMDAsImRlbGV0ZSI6OTAwMDAwMDAwMDAwfSwic2NoZW1hX3ZlcnNpb24iOiIxIn0="
        }
      ]
    },
    {
      "mode": "managed",
      "type": "aws_sqs_queue",
      "name": "sqs_queue",
      "provider": "provider[\"registry.terraform.io/hashicorp/aws\"]",
      "instances": [
        {
          "schema_version": 0,
          "attributes": {
            "arn": "arn:aws:sqs:us-east-1:936519216253:Testwork",
            "content_based_deduplication": false,
            "deduplication_scope": "",
            "delay_seconds": 2,
            "fifo_queue": false,
            "fifo_throughput_limit": "",
            "id": "https://sqs.us-east-1.amazonaws.com/936519216253/Testwork",
            "kms_data_key_reuse_period_seconds": 300,
            "kms_master_key_id": "",
            "max_message_size": 262144,
            "message_retention_seconds": 86400,
            "name": "Testwork",
            "name_prefix": "",
            "policy": "",
            "receive_wait_time_seconds": 10,
            "redrive_allow_policy": "",
            "redrive_policy": "",
            "sqs_managed_sse_enabled": true,
            "tags": {
              "Environment": "Dev"
            },
            "tags_all": {
              "Environment": "Dev"
            },
            "url": "https://sqs.us-east-1.amazonaws.com/936519216253/Testwork",
            "visibility_timeout_seconds": 30
          },
          "sensitive_attributes": [],
          "private": "bnVsbA=="
        }
      ]
    },
    {
      "mode": "managed",
      "type": "aws_ssm_parameter",
      "name": "rdshost_address",
      "provider": "provider[\"registry.terraform.io/hashicorp/aws\"]",
      "instances": [
        {
          "schema_version": 0,
          "attributes": {
            "allowed_pattern": "",
            "arn": "arn:aws:ssm:us-east-1:936519216253:parameter/rdshost",
            "data_type": "text",
            "description": "",
            "id": "rdshost",
            "insecure_value": null,
            "key_id": "",
            "name": "rdshost",
            "overwrite": null,
            "tags": {},
            "tags_all": {},
            "tier": "Standard",
            "type": "String",
            "value": "terraform-20221108091124008600000001.cfjpryfqfxre.us-east-1.rds.amazonaws.com:3306",
            "version": 1
          },
          "sensitive_attributes": [],
          "private": "bnVsbA==",
          "dependencies": [
            "aws_db_instance.mydb_instance"
          ]
        }
      ]
    }
  ],
  "check_results": []
}
